
Microsoft Visual Studio Solution File, Format Version 12.00
# Visual Studio Version 17
VisualStudioVersion = 17.4.33205.214
MinimumVisualStudioVersion = 10.0.40219.1
Project("{8BC9CEB8-8B4A-11D0-8D11-00A0C91BC942}") = "dirtyJOE", "dirtyJOE\dirtyJOE.vcxproj", "{A6AE9F9C-9D0B-4B2E-9752-E4557BE63B74}"
EndProject
Project("{8BC9CEB8-8B4A-11D0-8D11-00A0C91BC942}") = "totalcmd", "dirtyJOE\totalcmd\totalcmd.vcxproj", "{555699F5-FC54-40F0-B862-C95AAD6CC018}"
EndProject
Project("{8BC9CEB8-8B4A-11D0-8D11-00A0C91BC942}") = "PyJOE", "dirtyJOE\PyJOE\PyJOE.vcxproj", "{1AE78F33-DE86-464F-9573-0CEE376A82D2}"
EndProject
Global
	GlobalSection(SolutionConfigurationPlatforms) = preSolution
		Debug 25|Win32 = Debug 25|Win32
		Debug 25|x64 = Debug 25|x64
		Debug 26|Win32 = Debug 26|Win32
		Debug 26|x64 = Debug 26|x64
		Debug 27|Win32 = Debug 27|Win32
		Debug 27|x64 = Debug 27|x64
		Debug|Win32 = Debug|Win32
		Debug|x64 = Debug|x64
		Release 25|Win32 = Release 25|Win32
		Release 25|x64 = Release 25|x64
		Release 26|Win32 = Release 26|Win32
		Release 26|x64 = Release 26|x64
		Release 27|Win32 = Release 27|Win32
		Release 27|x64 = Release 27|x64
		Release|Win32 = Release|Win32
		Release|x64 = Release|x64
	EndGlobalSection
	GlobalSection(ProjectConfigurationPlatforms) = postSolution
		{A6AE9F9C-9D0B-4B2E-9752-E4557BE63B74}.Debug 25|Win32.ActiveCfg = Debug x64|Win32
		{A6AE9F9C-9D0B-4B2E-9752-E4557BE63B74}.Debug 25|Win32.Build.0 = Debug x64|Win32
		{A6AE9F9C-9D0B-4B2E-9752-E4557BE63B74}.Debug 25|x64.ActiveCfg = Debug x64|x64
		{A6AE9F9C-9D0B-4B2E-9752-E4557BE63B74}.Debug 25|x64.Build.0 = Debug x64|x64
		{A6AE9F9C-9D0B-4B2E-9752-E4557BE63B74}.Debug 26|Win32.ActiveCfg = Debug x64|Win32
		{A6AE9F9C-9D0B-4B2E-9752-E4557BE63B74}.Debug 26|Win32.Build.0 = Debug x64|Win32
		{A6AE9F9C-9D0B-4B2E-9752-E4557BE63B74}.Debug 26|x64.ActiveCfg = Debug x64|x64
		{A6AE9F9C-9D0B-4B2E-9752-E4557BE63B74}.Debug 26|x64.Build.0 = Debug x64|x64
		{A6AE9F9C-9D0B-4B2E-9752-E4557BE63B74}.Debug 27|Win32.ActiveCfg = Debug x64|Win32
		{A6AE9F9C-9D0B-4B2E-9752-E4557BE63B74}.Debug 27|Win32.Build.0 = Debug x64|Win32
		{A6AE9F9C-9D0B-4B2E-9752-E4557BE63B74}.Debug 27|x64.ActiveCfg = Debug x64|x64
		{A6AE9F9C-9D0B-4B2E-9752-E4557BE63B74}.Debug 27|x64.Build.0 = Debug x64|x64
		{A6AE9F9C-9D0B-4B2E-9752-E4557BE63B74}.Debug|Win32.ActiveCfg = Debug|Win32
		{A6AE9F9C-9D0B-4B2E-9752-E4557BE63B74}.Debug|Win32.Build.0 = Debug|Win32
		{A6AE9F9C-9D0B-4B2E-9752-E4557BE63B74}.Debug|x64.ActiveCfg = Debug|x64
		{A6AE9F9C-9D0B-4B2E-9752-E4557BE63B74}.Debug|x64.Build.0 = Debug|x64
		{A6AE9F9C-9D0B-4B2E-9752-E4557BE63B74}.Release 25|Win32.ActiveCfg = Release x64|Win32
		{A6AE9F9C-9D0B-4B2E-9752-E4557BE63B74}.Release 25|Win32.Build.0 = Release x64|Win32
		{A6AE9F9C-9D0B-4B2E-9752-E4557BE63B74}.Release 25|x64.ActiveCfg = Release x64|x64
		{A6AE9F9C-9D0B-4B2E-9752-E4557BE63B74}.Release 25|x64.Build.0 = Release x64|x64
		{A6AE9F9C-9D0B-4B2E-9752-E4557BE63B74}.Release 26|Win32.ActiveCfg = Release x64|Win32
		{A6AE9F9C-9D0B-4B2E-9752-E4557BE63B74}.Release 26|Win32.Build.0 = Release x64|Win32
		{A6AE9F9C-9D0B-4B2E-9752-E4557BE63B74}.Release 26|x64.ActiveCfg = Release x64|x64
		{A6AE9F9C-9D0B-4B2E-9752-E4557BE63B74}.Release 26|x64.Build.0 = Release x64|x64
		{A6AE9F9C-9D0B-4B2E-9752-E4557BE63B74}.Release 27|Win32.ActiveCfg = Release x64|Win32
		{A6AE9F9C-9D0B-4B2E-9752-E4557BE63B74}.Release 27|Win32.Build.0 = Release x64|Win32
		{A6AE9F9C-9D0B-4B2E-9752-E4557BE63B74}.Release 27|x64.ActiveCfg = Release x64|x64
		{A6AE9F9C-9D0B-4B2E-9752-E4557BE63B74}.Release 27|x64.Build.0 = Release x64|x64
		{A6AE9F9C-9D0B-4B2E-9752-E4557BE63B74}.Release|Win32.ActiveCfg = Release|Win32
		{A6AE9F9C-9D0B-4B2E-9752-E4557BE63B74}.Release|Win32.Build.0 = Release|Win32
		{A6AE9F9C-9D0B-4B2E-9752-E4557BE63B74}.Release|x64.ActiveCfg = Release|x64
		{A6AE9F9C-9D0B-4B2E-9752-E4557BE63B74}.Release|x64.Build.0 = Release|x64
		{555699F5-FC54-40F0-B862-C95AAD6CC018}.Debug 25|Win32.ActiveCfg = Debug|Win32
		{555699F5-FC54-40F0-B862-C95AAD6CC018}.Debug 25|Win32.Build.0 = Debug|Win32
		{555699F5-FC54-40F0-B862-C95AAD6CC018}.Debug 25|x64.ActiveCfg = Debug|Win32
		{555699F5-FC54-40F0-B862-C95AAD6CC018}.Debug 25|x64.Build.0 = Debug|Win32
		{555699F5-FC54-40F0-B862-C95AAD6CC018}.Debug 26|Win32.ActiveCfg = Debug|Win32
		{555699F5-FC54-40F0-B862-C95AAD6CC018}.Debug 26|Win32.Build.0 = Debug|Win32
		{555699F5-FC54-40F0-B862-C95AAD6CC018}.Debug 26|x64.ActiveCfg = Debug|Win32
		{555699F5-FC54-40F0-B862-C95AAD6CC018}.Debug 26|x64.Build.0 = Debug|Win32
		{555699F5-FC54-40F0-B862-C95AAD6CC018}.Debug 27|Win32.ActiveCfg = Debug|Win32
		{555699F5-FC54-40F0-B862-C95AAD6CC018}.Debug 27|Win32.Build.0 = Debug|Win32
		{555699F5-FC54-40F0-B862-C95AAD6CC018}.Debug 27|x64.ActiveCfg = Debug|Win32
		{555699F5-FC54-40F0-B862-C95AAD6CC018}.Debug 27|x64.Build.0 = Debug|Win32
		{555699F5-FC54-40F0-B862-C95AAD6CC018}.Debug|Win32.ActiveCfg = Debug|Win32
		{555699F5-FC54-40F0-B862-C95AAD6CC018}.Debug|Win32.Build.0 = Debug|Win32
		{555699F5-FC54-40F0-B862-C95AAD6CC018}.Debug|x64.ActiveCfg = Debug|Win32
		{555699F5-FC54-40F0-B862-C95AAD6CC018}.Release 25|Win32.ActiveCfg = Release|Win32
		{555699F5-FC54-40F0-B862-C95AAD6CC018}.Release 25|Win32.Build.0 = Release|Win32
		{555699F5-FC54-40F0-B862-C95AAD6CC018}.Release 25|x64.ActiveCfg = Release|Win32
		{555699F5-FC54-40F0-B862-C95AAD6CC018}.Release 25|x64.Build.0 = Release|Win32
		{555699F5-FC54-40F0-B862-C95AAD6CC018}.Release 26|Win32.ActiveCfg = Release|Win32
		{555699F5-FC54-40F0-B862-C95AAD6CC018}.Release 26|Win32.Build.0 = Release|Win32
		{555699F5-FC54-40F0-B862-C95AAD6CC018}.Release 26|x64.ActiveCfg = Release|Win32
		{555699F5-FC54-40F0-B862-C95AAD6CC018}.Release 26|x64.Build.0 = Release|Win32
		{555699F5-FC54-40F0-B862-C95AAD6CC018}.Release 27|Win32.ActiveCfg = Release|Win32
		{555699F5-FC54-40F0-B862-C95AAD6CC018}.Release 27|Win32.Build.0 = Release|Win32
		{555699F5-FC54-40F0-B862-C95AAD6CC018}.Release 27|x64.ActiveCfg = Release|Win32
		{555699F5-FC54-40F0-B862-C95AAD6CC018}.Release 27|x64.Build.0 = Release|Win32
		{555699F5-FC54-40F0-B862-C95AAD6CC018}.Release|Win32.ActiveCfg = Release|Win32
		{555699F5-FC54-40F0-B862-C95AAD6CC018}.Release|Win32.Build.0 = Release|Win32
		{555699F5-FC54-40F0-B862-C95AAD6CC018}.Release|x64.ActiveCfg = Release|Win32
		{1AE78F33-DE86-464F-9573-0CEE376A82D2}.Debug 25|Win32.ActiveCfg = Debug 25|Win32
		{1AE78F33-DE86-464F-9573-0CEE376A82D2}.Debug 25|Win32.Build.0 = Debug 25|Win32
		{1AE78F33-DE86-464F-9573-0CEE376A82D2}.Debug 25|x64.ActiveCfg = Debug 25|x64
		{1AE78F33-DE86-464F-9573-0CEE376A82D2}.Debug 25|x64.Build.0 = Debug 25|x64
		{1AE78F33-DE86-464F-9573-0CEE376A82D2}.Debug 26|Win32.ActiveCfg = Debug 26|Win32
		{1AE78F33-DE86-464F-9573-0CEE376A82D2}.Debug 26|Win32.Build.0 = Debug 26|Win32
		{1AE78F33-DE86-464F-9573-0CEE376A82D2}.Debug 26|x64.ActiveCfg = Debug 26|x64
		{1AE78F33-DE86-464F-9573-0CEE376A82D2}.Debug 26|x64.Build.0 = Debug 26|x64
		{1AE78F33-DE86-464F-9573-0CEE376A82D2}.Debug 27|Win32.ActiveCfg = Debug 27|Win32
		{1AE78F33-DE86-464F-9573-0CEE376A82D2}.Debug 27|Win32.Build.0 = Debug 27|Win32
		{1AE78F33-DE86-464F-9573-0CEE376A82D2}.Debug 27|x64.ActiveCfg = Debug 27|x64
		{1AE78F33-DE86-464F-9573-0CEE376A82D2}.Debug 27|x64.Build.0 = Debug 27|x64
		{1AE78F33-DE86-464F-9573-0CEE376A82D2}.Debug|Win32.ActiveCfg = Debug 27|Win32
		{1AE78F33-DE86-464F-9573-0CEE376A82D2}.Debug|Win32.Build.0 = Debug 27|Win32
		{1AE78F33-DE86-464F-9573-0CEE376A82D2}.Debug|x64.ActiveCfg = Debug 27|x64
		{1AE78F33-DE86-464F-9573-0CEE376A82D2}.Debug|x64.Build.0 = Debug 27|x64
		{1AE78F33-DE86-464F-9573-0CEE376A82D2}.Release 25|Win32.ActiveCfg = Release 25|Win32
		{1AE78F33-DE86-464F-9573-0CEE376A82D2}.Release 25|Win32.Build.0 = Release 25|Win32
		{1AE78F33-DE86-464F-9573-0CEE376A82D2}.Release 25|x64.ActiveCfg = Release 25|x64
		{1AE78F33-DE86-464F-9573-0CEE376A82D2}.Release 25|x64.Build.0 = Release 25|x64
		{1AE78F33-DE86-464F-9573-0CEE376A82D2}.Release 26|Win32.ActiveCfg = Release 26|Win32
		{1AE78F33-DE86-464F-9573-0CEE376A82D2}.Release 26|Win32.Build.0 = Release 26|Win32
		{1AE78F33-DE86-464F-9573-0CEE376A82D2}.Release 26|x64.ActiveCfg = Release 26|x64
		{1AE78F33-DE86-464F-9573-0CEE376A82D2}.Release 26|x64.Build.0 = Release 26|x64
		{1AE78F33-DE86-464F-9573-0CEE376A82D2}.Release 27|Win32.ActiveCfg = Release 27|Win32
		{1AE78F33-DE86-464F-9573-0CEE376A82D2}.Release 27|Win32.Build.0 = Release 27|Win32
		{1AE78F33-DE86-464F-9573-0CEE376A82D2}.Release 27|x64.ActiveCfg = Release 27|x64
		{1AE78F33-DE86-464F-9573-0CEE376A82D2}.Release 27|x64.Build.0 = Release 27|x64
		{1AE78F33-DE86-464F-9573-0CEE376A82D2}.Release|Win32.ActiveCfg = Release 27|Win32
		{1AE78F33-DE86-464F-9573-0CEE376A82D2}.Release|Win32.Build.0 = Release 27|Win32
		{1AE78F33-DE86-464F-9573-0CEE376A82D2}.Release|x64.ActiveCfg = Release 27|x64
		{1AE78F33-DE86-464F-9573-0CEE376A82D2}.Release|x64.Build.0 = Release 27|x64
	EndGlobalSection
	GlobalSection(SolutionProperties) = preSolution
		HideSolutionNode = FALSE
	EndGlobalSection
	GlobalSection(ExtensibilityGlobals) = postSolution
		SolutionGuid = {DD3CEDFC-5E7A-448E-A735-073ADCACDC56}
	EndGlobalSection
EndGlobal
